// !$*UTF8*$!
{
	archiveVersion = 1;
	classes = {
	};
	objectVersion = 55;
	objects = {

/* Begin PBXBuildFile section */
		C16E8A78273892D900CF1F81 /* LandmarksApp.swift in Sources */ = {isa = PBXBuildFile; fileRef = C16E8A77273892D900CF1F81 /* LandmarksApp.swift */; };
		C16E8A7A273892D900CF1F81 /* ContentView.swift in Sources */ = {isa = PBXBuildFile; fileRef = C16E8A79273892D900CF1F81 /* ContentView.swift */; };
		C16E8A7C273892DA00CF1F81 /* Assets.xcassets in Resources */ = {isa = PBXBuildFile; fileRef = C16E8A7B273892DA00CF1F81 /* Assets.xcassets */; };
		C16E8A7F273892DA00CF1F81 /* Preview Assets.xcassets in Resources */ = {isa = PBXBuildFile; fileRef = C16E8A7E273892DA00CF1F81 /* Preview Assets.xcassets */; };
		C16E8A862738981F00CF1F81 /* CircleImage.swift in Sources */ = {isa = PBXBuildFile; fileRef = C16E8A852738981F00CF1F81 /* CircleImage.swift */; };
		C16E8A88273899EE00CF1F81 /* MapView.swift in Sources */ = {isa = PBXBuildFile; fileRef = C16E8A87273899EE00CF1F81 /* MapView.swift */; };
		C1EBDDBA273DE9DA00206462 /* landmarkData.json in Resources */ = {isa = PBXBuildFile; fileRef = C1EBDDB9273DE9D900206462 /* landmarkData.json */; };
		C1EBDDBC273DEA1800206462 /* Landmark.swift in Sources */ = {isa = PBXBuildFile; fileRef = C1EBDDBB273DEA1800206462 /* Landmark.swift */; };
		C1EBDDBE273DEC0100206462 /* ModelData.swift in Sources */ = {isa = PBXBuildFile; fileRef = C1EBDDBD273DEC0100206462 /* ModelData.swift */; };
		C1EBDDC3273DEDB100206462 /* LandmarkRow.swift in Sources */ = {isa = PBXBuildFile; fileRef = C1EBDDC2273DEDB100206462 /* LandmarkRow.swift */; };
		C1EBDDC5273DF38E00206462 /* LandmarkList.swift in Sources */ = {isa = PBXBuildFile; fileRef = C1EBDDC4273DF38E00206462 /* LandmarkList.swift */; };
		C1EBDDC7273DF76F00206462 /* LandmarkDetail.swift in Sources */ = {isa = PBXBuildFile; fileRef = C1EBDDC6273DF76F00206462 /* LandmarkDetail.swift */; };
		C1EBDDCB2740A60B00206462 /* FavoriteButton.swift in Sources */ = {isa = PBXBuildFile; fileRef = C1EBDDCA2740A60B00206462 /* FavoriteButton.swift */; };
/* End PBXBuildFile section */

/* Begin PBXFileReference section */
		C16E8A74273892D900CF1F81 /* Landmarks.app */ = {isa = PBXFileReference; explicitFileType = wrapper.application; includeInIndex = 0; path = Landmarks.app; sourceTree = BUILT_PRODUCTS_DIR; };
		C16E8A77273892D900CF1F81 /* LandmarksApp.swift */ = {isa = PBXFileReference; lastKnownFileType = sourcecode.swift; path = LandmarksApp.swift; sourceTree = "<group>"; };
		C16E8A79273892D900CF1F81 /* ContentView.swift */ = {isa = PBXFileReference; lastKnownFileType = sourcecode.swift; path = ContentView.swift; sourceTree = "<group>"; };
		C16E8A7B273892DA00CF1F81 /* Assets.xcassets */ = {isa = PBXFileReference; lastKnownFileType = folder.assetcatalog; path = Assets.xcassets; sourceTree = "<group>"; };
		C16E8A7E273892DA00CF1F81 /* Preview Assets.xcassets */ = {isa = PBXFileReference; lastKnownFileType = folder.assetcatalog; path = "Preview Assets.xcassets"; sourceTree = "<group>"; };
		C16E8A852738981F00CF1F81 /* CircleImage.swift */ = {isa = PBXFileReference; lastKnownFileType = sourcecode.swift; path = CircleImage.swift; sourceTree = "<group>"; };
		C16E8A87273899EE00CF1F81 /* MapView.swift */ = {isa = PBXFileReference; lastKnownFileType = sourcecode.swift; path = MapView.swift; sourceTree = "<group>"; };
		C1EBDDB9273DE9D900206462 /* landmarkData.json */ = {isa = PBXFileReference; fileEncoding = 4; lastKnownFileType = text.json; path = landmarkData.json; sourceTree = "<group>"; };
		C1EBDDBB273DEA1800206462 /* Landmark.swift */ = {isa = PBXFileReference; lastKnownFileType = sourcecode.swift; path = Landmark.swift; sourceTree = "<group>"; };
		C1EBDDBD273DEC0100206462 /* ModelData.swift */ = {isa = PBXFileReference; lastKnownFileType = sourcecode.swift; path = ModelData.swift; sourceTree = "<group>"; };
		C1EBDDC2273DEDB100206462 /* LandmarkRow.swift */ = {isa = PBXFileReference; lastKnownFileType = sourcecode.swift; path = LandmarkRow.swift; sourceTree = "<group>"; };
		C1EBDDC4273DF38E00206462 /* LandmarkList.swift */ = {isa = PBXFileReference; lastKnownFileType = sourcecode.swift; path = LandmarkList.swift; sourceTree = "<group>"; };
		C1EBDDC6273DF76F00206462 /* LandmarkDetail.swift */ = {isa = PBXFileReference; lastKnownFileType = sourcecode.swift; path = LandmarkDetail.swift; sourceTree = "<group>"; };
		C1EBDDCA2740A60B00206462 /* FavoriteButton.swift */ = {isa = PBXFileReference; lastKnownFileType = sourcecode.swift; path = FavoriteButton.swift; sourceTree = "<group>"; };
/* End PBXFileReference section */

/* Begin PBXFrameworksBuildPhase section */
		C16E8A71273892D900CF1F81 /* Frameworks */ = {
			isa = PBXFrameworksBuildPhase;
			buildActionMask = 2147483647;
			files = (
			);
			runOnlyForDeploymentPostprocessing = 0;
		};
/* End PBXFrameworksBuildPhase section */

/* Begin PBXGroup section */
		C16E8A6B273892D900CF1F81 = {
			isa = PBXGroup;
			children = (
				C16E8A76273892D900CF1F81 /* Landmarks */,
				C16E8A75273892D900CF1F81 /* Products */,
			);
			sourceTree = "<group>";
		};
		C16E8A75273892D900CF1F81 /* Products */ = {
			isa = PBXGroup;
			children = (
				C16E8A74273892D900CF1F81 /* Landmarks.app */,
			);
			name = Products;
			sourceTree = "<group>";
		};
		C16E8A76273892D900CF1F81 /* Landmarks */ = {
			isa = PBXGroup;
			children = (
				C1EBDDBF273DED3C00206462 /* Views */,
				C1EBDDC0273DED5A00206462 /* Model */,
				C16E8A77273892D900CF1F81 /* LandmarksApp.swift */,
				C1EBDDC1273DED7300206462 /* Resources */,
				C16E8A7B273892DA00CF1F81 /* Assets.xcassets */,
				C16E8A7D273892DA00CF1F81 /* Preview Content */,
			);
			path = Landmarks;
			sourceTree = "<group>";
		};
		C16E8A7D273892DA00CF1F81 /* Preview Content */ = {
			isa = PBXGroup;
			children = (
				C16E8A7E273892DA00CF1F81 /* Preview Assets.xcassets */,
			);
			path = "Preview Content";
			sourceTree = "<group>";
		};
		C1EBDDBF273DED3C00206462 /* Views */ = {
			isa = PBXGroup;
			children = (
				C16E8A79273892D900CF1F81 /* ContentView.swift */,
				C1EBDDCE2740A78200206462 /* Helpers */,
				C1EBDDCD2740A76D00206462 /* Landmark */,
			);
			path = Views;
			sourceTree = "<group>";
		};
		C1EBDDC0273DED5A00206462 /* Model */ = {
			isa = PBXGroup;
			children = (
				C1EBDDBB273DEA1800206462 /* Landmark.swift */,
				C1EBDDBD273DEC0100206462 /* ModelData.swift */,
			);
			path = Model;
			sourceTree = "<group>";
		};
		C1EBDDC1273DED7300206462 /* Resources */ = {
			isa = PBXGroup;
			children = (
				C1EBDDB9273DE9D900206462 /* landmarkData.json */,
			);
			path = Resources;
			sourceTree = "<group>";
		};
		C1EBDDCD2740A76D00206462 /* Landmark */ = {
			isa = PBXGroup;
			children = (
				C1EBDDC2273DEDB100206462 /* LandmarkRow.swift */,
				C1EBDDC4273DF38E00206462 /* LandmarkList.swift */,
				C1EBDDC6273DF76F00206462 /* LandmarkDetail.swift */,
			);
			path = Landmark;
			sourceTree = "<group>";
		};
		C1EBDDCE2740A78200206462 /* Helpers */ = {
			isa = PBXGroup;
			children = (
				C16E8A852738981F00CF1F81 /* CircleImage.swift */,
				C16E8A87273899EE00CF1F81 /* MapView.swift */,
				C1EBDDCA2740A60B00206462 /* FavoriteButton.swift */,
			);
			path = Helpers;
			sourceTree = "<group>";
		};
/* End PBXGroup section */

/* Begin PBXNativeTarget section */
		C16E8A73273892D900CF1F81 /* Landmarks */ = {
			isa = PBXNativeTarget;
			buildConfigurationList = C16E8A82273892DA00CF1F81 /* Build configuration list for PBXNativeTarget "Landmarks" */;
			buildPhases = (
				C16E8A70273892D900CF1F81 /* Sources */,
				C16E8A71273892D900CF1F81 /* Frameworks */,
				C16E8A72273892D900CF1F81 /* Resources */,
			);
			buildRules = (
			);
			dependencies = (
			);
			name = Landmarks;
			productName = Landmarks;
			productReference = C16E8A74273892D900CF1F81 /* Landmarks.app */;
			productType = "com.apple.product-type.application";
		};
/* End PBXNativeTarget section */

/* Begin PBXProject section */
		C16E8A6C273892D900CF1F81 /* Project object */ = {
			isa = PBXProject;
			attributes = {
				BuildIndependentTargetsInParallel = 1;
				LastSwiftUpdateCheck = 1310;
				LastUpgradeCheck = 1310;
				TargetAttributes = {
					C16E8A73273892D900CF1F81 = {
						CreatedOnToolsVersion = 13.1;
					};
				};
			};
			buildConfigurationList = C16E8A6F273892D900CF1F81 /* Build configuration list for PBXProject "Landmarks" */;
			compatibilityVersion = "Xcode 13.0";
			developmentRegion = en;
			hasScannedForEncodings = 0;
			knownRegions = (
				en,
				Base,
			);
			mainGroup = C16E8A6B273892D900CF1F81;
			productRefGroup = C16E8A75273892D900CF1F81 /* Products */;
			projectDirPath = "";
			projectRoot = "";
			targets = (
				C16E8A73273892D900CF1F81 /* Landmarks */,
			);
		};
/* End PBXProject section */

/* Begin PBXResourcesBuildPhase section */
		C16E8A72273892D900CF1F81 /* Resources */ = {
			isa = PBXResourcesBuildPhase;
			buildActionMask = 2147483647;
			files = (
				C16E8A7F273892DA00CF1F81 /* Preview Assets.xcassets in Resources */,
				C16E8A7C273892DA00CF1F81 /* Assets.xcassets in Resources */,
				C1EBDDBA273DE9DA00206462 /* landmarkData.json in Resources */,
			);
			runOnlyForDeploymentPostprocessing = 0;
		};
/* End PBXResourcesBuildPhase section */

/* Begin PBXSourcesBuildPhase section */
		C16E8A70273892D900CF1F81 /* Sources */ = {
			isa = PBXSourcesBuildPhase;
			buildActionMask = 2147483647;
			files = (
				C16E8A7A273892D900CF1F81 /* ContentView.swift in Sources */,
				C16E8A88273899EE00CF1F81 /* MapView.swift in Sources */,
				C16E8A78273892D900CF1F81 /* LandmarksApp.swift in Sources */,
				C1EBDDCB2740A60B00206462 /* FavoriteButton.swift in Sources */,
				C1EBDDC5273DF38E00206462 /* LandmarkList.swift in Sources */,
				C1EBDDC7273DF76F00206462 /* LandmarkDetail.swift in Sources */,
				C16E8A862738981F00CF1F81 /* CircleImage.swift in Sources */,
				C1EBDDBC273DEA1800206462 /* Landmark.swift in Sources */,
				C1EBDDC3273DEDB100206462 /* LandmarkRow.swift in Sources */,
				C1EBDDBE273DEC0100206462 /* ModelData.swift in Sources */,
			);
			runOnlyForDeploymentPostprocessing = 0;
		};
/* End PBXSourcesBuildPhase section */

/* Begin XCBuildConfiguration section */
		C16E8A80273892DA00CF1F81 /* Debug */ = {
			isa = XCBuildConfiguration;
			buildSettings = {
				ALWAYS_SEARCH_USER_PATHS = NO;
				CLANG_ANALYZER_NONNULL = YES;
				CLANG_ANALYZER_NUMBER_OBJECT_CONVERSION = YES_AGGRESSIVE;
				CLANG_CXX_LANGUAGE_STANDARD = "gnu++17";
				CLANG_CXX_LIBRARY = "libc++";
				CLANG_ENABLE_MODULES = YES;
				CLANG_ENABLE_OBJC_ARC = YES;
				CLANG_ENABLE_OBJC_WEAK = YES;
				CLANG_WARN_BLOCK_CAPTURE_AUTORELEASING = YES;
				CLANG_WARN_BOOL_CONVERSION = YES;
				CLANG_WARN_COMMA = YES;
				CLANG_WARN_CONSTANT_CONVERSION = YES;
				CLANG_WARN_DEPRECATED_OBJC_IMPLEMENTATIONS = YES;
				CLANG_WARN_DIRECT_OBJC_ISA_USAGE = YES_ERROR;
				CLANG_WARN_DOCUMENTATION_COMMENTS = YES;
				CLANG_WARN_EMPTY_BODY = YES;
				CLANG_WARN_ENUM_CONVERSION = YES;
				CLANG_WARN_INFINITE_RECURSION = YES;
				CLANG_WARN_INT_CONVERSION = YES;
				CLANG_WARN_NON_LITERAL_NULL_CONVERSION = YES;
				CLANG_WARN_OBJC_IMPLICIT_RETAIN_SELF = YES;
				CLANG_WARN_OBJC_LITERAL_CONVERSION = YES;
				CLANG_WARN_OBJC_ROOT_CLASS = YES_ERROR;
				CLANG_WARN_QUOTED_INCLUDE_IN_FRAMEWORK_HEADER = YES;
				CLANG_WARN_RANGE_LOOP_ANALYSIS = YES;
				CLANG_WARN_STRICT_PROTOTYPES = YES;
				CLANG_WARN_SUSPICIOUS_MOVE = YES;
				CLANG_WARN_UNGUARDED_AVAILABILITY = YES_AGGRESSIVE;
				CLANG_WARN_UNREACHABLE_CODE = YES;
				CLANG_WARN__DUPLICATE_METHOD_MATCH = YES;
				COPY_PHASE_STRIP = NO;
				DEBUG_INFORMATION_FORMAT = dwarf;
				ENABLE_STRICT_OBJC_MSGSEND = YES;
				ENABLE_TESTABILITY = YES;
				GCC_C_LANGUAGE_STANDARD = gnu11;
				GCC_DYNAMIC_NO_PIC = NO;
				GCC_NO_COMMON_BLOCKS = YES;
				GCC_OPTIMIZATION_LEVEL = 0;
				GCC_PREPROCESSOR_DEFINITIONS = (
					"DEBUG=1",
					"$(inherited)",
				);
				GCC_WARN_64_TO_32_BIT_CONVERSION = YES;
				GCC_WARN_ABOUT_RETURN_TYPE = YES_ERROR;
				GCC_WARN_UNDECLARED_SELECTOR = YES;
				GCC_WARN_UNINITIALIZED_AUTOS = YES_AGGRESSIVE;
				GCC_WARN_UNUSED_FUNCTION = YES;
				GCC_WARN_UNUSED_VARIABLE = YES;
				IPHONEOS_DEPLOYMENT_TARGET = 15.0;
				MTL_ENABLE_DEBUG_INFO = INCLUDE_SOURCE;
				MTL_FAST_MATH = YES;
				ONLY_ACTIVE_ARCH = YES;
				SDKROOT = iphoneos;
				SWIFT_ACTIVE_COMPILATION_CONDITIONS = DEBUG;
				SWIFT_OPTIMIZATION_LEVEL = "-Onone";
			};
			name = Debug;
		};
		C16E8A81273892DA00CF1F81 /* Release */ = {
			isa = XCBuildConfiguration;
			buildSettings = {
				ALWAYS_SEARCH_USER_PATHS = NO;
				CLANG_ANALYZER_NONNULL = YES;
				CLANG_ANALYZER_NUMBER_OBJECT_CONVERSION = YES_AGGRESSIVE;
				CLANG_CXX_LANGUAGE_STANDARD = "gnu++17";
				CLANG_CXX_LIBRARY = "libc++";
				CLANG_ENABLE_MODULES = YES;
				CLANG_ENABLE_OBJC_ARC = YES;
				CLANG_ENABLE_OBJC_WEAK = YES;
				CLANG_WARN_BLOCK_CAPTURE_AUTORELEASING = YES;
				CLANG_WARN_BOOL_CONVERSION = YES;
				CLANG_WARN_COMMA = YES;
				CLANG_WARN_CONSTANT_CONVERSION = YES;
				CLANG_WARN_DEPRECATED_OBJC_IMPLEMENTATIONS = YES;
				CLANG_WARN_DIRECT_OBJC_ISA_USAGE = YES_ERROR;
				CLANG_WARN_DOCUMENTATION_COMMENTS = YES;
				CLANG_WARN_EMPTY_BODY = YES;
				CLANG_WARN_ENUM_CONVERSION = YES;
				CLANG_WARN_INFINITE_RECURSION = YES;
				CLANG_WARN_INT_CONVERSION = YES;
				CLANG_WARN_NON_LITERAL_NULL_CONVERSION = YES;
				CLANG_WARN_OBJC_IMPLICIT_RETAIN_SELF = YES;
				CLANG_WARN_OBJC_LITERAL_CONVERSION = YES;
				CLANG_WARN_OBJC_ROOT_CLASS = YES_ERROR;
				CLANG_WARN_QUOTED_INCLUDE_IN_FRAMEWORK_HEADER = YES;
				CLANG_WARN_RANGE_LOOP_ANALYSIS = YES;
				CLANG_WARN_STRICT_PROTOTYPES = YES;
				CLANG_WARN_SUSPICIOUS_MOVE = YES;
				CLANG_WARN_UNGUARDED_AVAILABILITY = YES_AGGRESSIVE;
				CLANG_WARN_UNREACHABLE_CODE = YES;
				CLANG_WARN__DUPLICATE_METHOD_MATCH = YES;
				COPY_PHASE_STRIP = NO;
				DEBUG_INFORMATION_FORMAT = "dwarf-with-dsym";
				ENABLE_NS_ASSERTIONS = NO;
				ENABLE_STRICT_OBJC_MSGSEND = YES;
				GCC_C_LANGUAGE_STANDARD = gnu11;
				GCC_NO_COMMON_BLOCKS = YES;
				GCC_WARN_64_TO_32_BIT_CONVERSION = YES;
				GCC_WARN_ABOUT_RETURN_TYPE = YES_ERROR;
				GCC_WARN_UNDECLARED_SELECTOR = YES;
				GCC_WARN_UNINITIALIZED_AUTOS = YES_AGGRESSIVE;
				GCC_WARN_UNUSED_FUNCTION = YES;
				GCC_WARN_UNUSED_VARIABLE = YES;
				IPHONEOS_DEPLOYMENT_TARGET = 15.0;
				MTL_ENABLE_DEBUG_INFO = NO;
				MTL_FAST_MATH = YES;
				SDKROOT = iphoneos;
				SWIFT_COMPILATION_MODE = wholemodule;
				SWIFT_OPTIMIZATION_LEVEL = "-O";
				VALIDATE_PRODUCT = YES;
			};
			name = Release;
		};
		C16E8A83273892DA00CF1F81 /* Debug */ = {
			isa = XCBuildConfiguration;
			buildSettings = {
				ASSETCATALOG_COMPILER_APPICON_NAME = AppIcon;
				ASSETCATALOG_COMPILER_GLOBAL_ACCENT_COLOR_NAME = AccentColor;
				CODE_SIGN_STYLE = Automatic;
				CURRENT_PROJECT_VERSION = 1;
				DEVELOPMENT_ASSET_PATHS = "\"Landmarks/Preview Content\"";
				ENABLE_PREVIEWS = YES;
				GENERATE_INFOPLIST_FILE = YES;
				INFOPLIST_KEY_UIApplicationSceneManifest_Generation = YES;
				INFOPLIST_KEY_UIApplicationSupportsIndirectInputEvents = YES;
				INFOPLIST_KEY_UILaunchScreen_Generation = YES;
				INFOPLIST_KEY_UISupportedInterfaceOrientations_iPad = "UIInterfaceOrientationPortrait UIInterfaceOrientationPortraitUpsideDown UIInterfaceOrientationLandscapeLeft UIInterfaceOrientationLandscapeRight";
				INFOPLIST_KEY_UISupportedInterfaceOrientations_iPhone = "UIInterfaceOrientationPortrait UIInterfaceOrientationLandscapeLeft UIInterfaceOrientationLandscapeRight";
				LD_RUNPATH_SEARCH_PATHS = (
					"$(inherited)",
					"@executable_path/Frameworks",
				);
				MARKETING_VERSION = 1.0;
				PRODUCT_BUNDLE_IDENTIFIER = rclearns.Landmarks;
				PRODUCT_NAME = "$(TARGET_NAME)";
				SWIFT_EMIT_LOC_STRINGS = YES;
				SWIFT_VERSION = 5.0;
				TARGETED_DEVICE_FAMILY = "1,2";
			};
			name = Debug;
		};
		C16E8A84273892DA00CF1F81 /* Release */ = {
			isa = XCBuildConfiguration;
			buildSettings = {
				ASSETCATALOG_COMPILER_APPICON_NAME = AppIcon;
				ASSETCATALOG_COMPILER_GLOBAL_ACCENT_COLOR_NAME = AccentColor;
				CODE_SIGN_STYLE = Automatic;
				CURRENT_PROJECT_VERSION = 1;
				DEVELOPMENT_ASSET_PATHS = "\"Landmarks/Preview Content\"";
				ENABLE_PREVIEWS = YES;
				GENERATE_INFOPLIST_FILE = YES;
				INFOPLIST_KEY_UIApplicationSceneManifest_Generation = YES;
				INFOPLIST_KEY_UIApplicationSupportsIndirectInputEvents = YES;
				INFOPLIST_KEY_UILaunchScreen_Generation = YES;
				INFOPLIST_KEY_UISupportedInterfaceOrientations_iPad = "UIInterfaceOrientationPortrait UIInterfaceOrientationPortraitUpsideDown UIInterfaceOrientationLandscapeLeft UIInterfaceOrientationLandscapeRight";
				INFOPLIST_KEY_UISupportedInterfaceOrientations_iPhone = "UIInterfaceOrientationPortrait UIInterfaceOrientationLandscapeLeft UIInterfaceOrientationLandscapeRight";
				LD_RUNPATH_SEARCH_PATHS = (
					"$(inherited)",
					"@executable_path/Frameworks",
				);
				MARKETING_VERSION = 1.0;
				PRODUCT_BUNDLE_IDENTIFIER = rclearns.Landmarks;
				PRODUCT_NAME = "$(TARGET_NAME)";
				SWIFT_EMIT_LOC_STRINGS = YES;
				SWIFT_VERSION = 5.0;
				TARGETED_DEVICE_FAMILY = "1,2";
			};
			name = Release;
		};
/* End XCBuildConfiguration section */

/* Begin XCConfigurationList section */
		C16E8A6F273892D900CF1F81 /* Build configuration list for PBXProject "Landmarks" */ = {
			isa = XCConfigurationList;
			buildConfigurations = (
				C16E8A80273892DA00CF1F81 /* Debug */,
				C16E8A81273892DA00CF1F81 /* Release */,
			);
			defaultConfigurationIsVisible = 0;
			defaultConfigurationName = Release;
		};
		C16E8A82273892DA00CF1F81 /* Build configuration list for PBXNativeTarget "Landmarks" */ = {
			isa = XCConfigurationList;
			buildConfigurations = (
				C16E8A83273892DA00CF1F81 /* Debug */,
				C16E8A84273892DA00CF1F81 /* Release */,
			);
			defaultConfigurationIsVisible = 0;
			defaultConfigurationName = Release;
		};
/* End XCConfigurationList section */
	};
	rootObject = C16E8A6C273892D900CF1F81 /* Project object */;
}
